
Microsoft Visual Studio Solution File, Format Version 12.00
# Visual Studio Version 17
VisualStudioVersion = 17.4.33213.308
MinimumVisualStudioVersion = 10.0.40219.1
Project("{FAE04EC0-301F-11D3-BF4B-00C04F79EFBC}") = "Baseball", "Baseball.csproj", "{58EDF697-1FF4-40A4-B1D6-98AE70316C30}"
EndProject
Global
	GlobalSection(SolutionConfigurationPlatforms) = preSolution
		Debug|Any CPU = Debug|Any CPU
		Release|Any CPU = Release|Any CPU
	EndGlobalSection
	GlobalSection(ProjectConfigurationPlatforms) = postSolution
		{58EDF697-1FF4-40A4-B1D6-98AE70316C30}.Debug|Any CPU.ActiveCfg = Debug|Any CPU
		{58EDF697-1FF4-40A4-B1D6-98AE70316C30}.Debug|Any CPU.Build.0 = Debug|Any CPU
		{58EDF697-1FF4-40A4-B1D6-98AE70316C30}.Release|Any CPU.ActiveCfg = Release|Any CPU
		{58EDF697-1FF4-40A4-B1D6-98AE70316C30}.Release|Any CPU.Build.0 = Release|Any CPU
	EndGlobalSection
	GlobalSection(SolutionProperties) = preSolution
		HideSolutionNode = FALSE
	EndGlobalSection
	GlobalSection(ExtensibilityGlobals) = postSolution
		SolutionGuid = {0D422AA9-992E-413C-92FE-1475AC9FF2D2}
	EndGlobalSection
EndGlobal
